
Microsoft Visual Studio Solution File, Format Version 12.00
# Visual Studio Version 17
VisualStudioVersion = 17.9.34902.65
MinimumVisualStudioVersion = 10.0.40219.1
Project("{8BC9CEB8-8B4A-11D0-8D11-00A0C91BC942}") = "TDD_BaseBall", "TDD_BaseBall\TDD_BaseBall.vcxproj", "{7670673F-5A34-4D04-AF67-5DC884F0821E}"
EndProject
Project("{2150E333-8FDC-42A3-9474-1A3956D46DE8}") = "Solution Items", "Solution Items", "{A020C673-6DC2-408E-AEE9-BC9EB57BC7F9}"
	ProjectSection(SolutionItems) = preProject
		.editorconfig = .editorconfig
		.gitignore = .gitignore
	EndProjectSection
EndProject
Project("{8BC9CEB8-8B4A-11D0-8D11-00A0C91BC942}") = "Test_BaseBall", "Test_BaseBall\Test_BaseBall.vcxproj", "{E5A29735-C325-4463-8935-F32CCBA4A367}"
EndProject
Global
	GlobalSection(SolutionConfigurationPlatforms) = preSolution
		Debug|x64 = Debug|x64
		Debug|x86 = Debug|x86
		Release|x64 = Release|x64
		Release|x86 = Release|x86
	EndGlobalSection
	GlobalSection(ProjectConfigurationPlatforms) = postSolution
		{7670673F-5A34-4D04-AF67-5DC884F0821E}.Debug|x64.ActiveCfg = Debug|x64
		{7670673F-5A34-4D04-AF67-5DC884F0821E}.Debug|x64.Build.0 = Debug|x64
		{7670673F-5A34-4D04-AF67-5DC884F0821E}.Debug|x86.ActiveCfg = Debug|Win32
		{7670673F-5A34-4D04-AF67-5DC884F0821E}.Debug|x86.Build.0 = Debug|Win32
		{7670673F-5A34-4D04-AF67-5DC884F0821E}.Release|x64.ActiveCfg = Release|x64
		{7670673F-5A34-4D04-AF67-5DC884F0821E}.Release|x64.Build.0 = Release|x64
		{7670673F-5A34-4D04-AF67-5DC884F0821E}.Release|x86.ActiveCfg = Release|Win32
		{7670673F-5A34-4D04-AF67-5DC884F0821E}.Release|x86.Build.0 = Release|Win32
		{E5A29735-C325-4463-8935-F32CCBA4A367}.Debug|x64.ActiveCfg = Debug|x64
		{E5A29735-C325-4463-8935-F32CCBA4A367}.Debug|x64.Build.0 = Debug|x64
		{E5A29735-C325-4463-8935-F32CCBA4A367}.Debug|x86.ActiveCfg = Debug|Win32
		{E5A29735-C325-4463-8935-F32CCBA4A367}.Debug|x86.Build.0 = Debug|Win32
		{E5A29735-C325-4463-8935-F32CCBA4A367}.Release|x64.ActiveCfg = Release|x64
		{E5A29735-C325-4463-8935-F32CCBA4A367}.Release|x64.Build.0 = Release|x64
		{E5A29735-C325-4463-8935-F32CCBA4A367}.Release|x86.ActiveCfg = Release|Win32
		{E5A29735-C325-4463-8935-F32CCBA4A367}.Release|x86.Build.0 = Release|Win32
	EndGlobalSection
	GlobalSection(SolutionProperties) = preSolution
		HideSolutionNode = FALSE
	EndGlobalSection
	GlobalSection(ExtensibilityGlobals) = postSolution
		SolutionGuid = {8066CADC-C0A1-41F7-AC11-609D738223EB}
	EndGlobalSection
EndGlobal
